<?xml version="1.0" encoding="utf-8"?>
<Project ToolsVersion="4.0" xmlns="http://schemas.microsoft.com/developer/msbuild/2003">
  <ItemGroup>
    <Filter Include="Source Files">
      <UniqueIdentifier>{4FC737F1-C7A5-4376-A066-2A32D752A2FF}</UniqueIdentifier>
      <Extensions>cpp;c;cc;cxx;c++;cppm;ixx;def;odl;idl;hpj;bat;asm;asmx</Extensions>
    </Filter>
    <Filter Include="Header Files">
      <UniqueIdentifier>{93995380-89BD-4b04-88EB-625FBE52EBFB}</UniqueIdentifier>
      <Extensions>h;hh;hpp;hxx;h++;hm;inl;inc;ipp;xsd</Extensions>
    </Filter>
    <Filter Include="Resource Files">
      <UniqueIdentifier>{67DA6AB6-F800-4c08-8B7A-83BB121AAD01}</UniqueIdentifier>
      <Extensions>rc;ico;cur;bmp;dlg;rc2;rct;bin;rgs;gif;jpg;jpeg;jpe;resx;tiff;tif;png;wav;mfcribbon-ms</Extensions>
    </Filter>
    <Filter Include="Source Files\Sources">
      <UniqueIdentifier>{cd603bbe-02df-401d-b324-7cf69b53008c}</UniqueIdentifier>
    </Filter>
    <Filter Include="Source Files\Sources\Core">
      <UniqueIdentifier>{1ab5692a-6a1e-4c9b-a212-9633383335a8}</UniqueIdentifier>
    </Filter>
    <Filter Include="Source Files\Sources\Core\Render">
      <UniqueIdentifier>{81935609-3aed-431b-baea-1b7a24a5da94}</UniqueIdentifier>
    </Filter>
  </ItemGroup>
  <ItemGroup>
    <ClCompile Include="Main.cpp">
      <Filter>Source Files</Filter>
    </ClCompile>
    <ClCompile Include="Sources\Core\Application.cpp">
      <Filter>Source Files\Sources\Core</Filter>
    </ClCompile>
    <ClCompile Include="Sources\Core\Node.cpp">
      <Filter>Source Files\Sources\Core</Filter>
    </ClCompile>
    <ClCompile Include="Sources\Core\Render\Render.cpp">
      <Filter>Source Files\Sources\Core\Render</Filter>
    </ClCompile>
  </ItemGroup>
  <ItemGroup>
    <ClInclude Include="Sources\Core\Application.hpp">
      <Filter>Source Files\Sources\Core</Filter>
    </ClInclude>
    <ClInclude Include="Sources\Core\Node.hpp">
      <Filter>Source Files\Sources\Core</Filter>
    </ClInclude>
    <ClInclude Include="Sources\Core\Render\Render.hpp">
      <Filter>Source Files\Sources\Core\Render</Filter>
    </ClInclude>
  </ItemGroup>
</Project>